
Microsoft Visual Studio Solution File, Format Version 12.00
# Visual Studio Version 16
VisualStudioVersion = 16.0.31911.196
MinimumVisualStudioVersion = 10.0.40219.1
Project("{FAE04EC0-301F-11D3-BF4B-00C04F79EFBC}") = "Lesson_20", "Lesson_20\Lesson_20.csproj", "{0616B1DA-98A4-46D9-BC5B-93EEE1D7967F}"
EndProject
Global
	GlobalSection(SolutionConfigurationPlatforms) = preSolution
		Debug|Any CPU = Debug|Any CPU
		Release|Any CPU = Release|Any CPU
	EndGlobalSection
	GlobalSection(ProjectConfigurationPlatforms) = postSolution
		{0616B1DA-98A4-46D9-BC5B-93EEE1D7967F}.Debug|Any CPU.ActiveCfg = Debug|Any CPU
		{0616B1DA-98A4-46D9-BC5B-93EEE1D7967F}.Debug|Any CPU.Build.0 = Debug|Any CPU
		{0616B1DA-98A4-46D9-BC5B-93EEE1D7967F}.Release|Any CPU.ActiveCfg = Release|Any CPU
		{0616B1DA-98A4-46D9-BC5B-93EEE1D7967F}.Release|Any CPU.Build.0 = Release|Any CPU
	EndGlobalSection
	GlobalSection(SolutionProperties) = preSolution
		HideSolutionNode = FALSE
	EndGlobalSection
	GlobalSection(ExtensibilityGlobals) = postSolution
		SolutionGuid = {1D7B1E51-29A2-4529-BB95-2B891C23B083}
	EndGlobalSection
EndGlobal
